<?xml version="1.0" encoding="utf-8"?>
<Project ToolsVersion="4.0" xmlns="http://schemas.microsoft.com/developer/msbuild/2003">
  <ItemGroup>
    <Filter Include="Source Files">
      <UniqueIdentifier>{4FC737F1-C7A5-4376-A066-2A32D752A2FF}</UniqueIdentifier>
      <Extensions>cpp;c;cc;cxx;c++;cppm;ixx;def;odl;idl;hpj;bat;asm;asmx</Extensions>
    </Filter>
    <Filter Include="Header Files">
      <UniqueIdentifier>{93995380-89BD-4b04-88EB-625FBE52EBFB}</UniqueIdentifier>
      <Extensions>h;hh;hpp;hxx;h++;hm;inl;inc;ipp;xsd</Extensions>
    </Filter>
    <Filter Include="Resource Files">
      <UniqueIdentifier>{67DA6AB6-F800-4c08-8B7A-83BB121AAD01}</UniqueIdentifier>
      <Extensions>rc;ico;cur;bmp;dlg;rc2;rct;bin;rgs;gif;jpg;jpeg;jpe;resx;tiff;tif;png;wav;mfcribbon-ms</Extensions>
    </Filter>
  </ItemGroup>
  <ItemGroup>
    <ClCompile Include="btlHl7EcgExportTestmain.c">
      <Filter>Source Files</Filter>
    </ClCompile>
    <ClCompile Include="btlHl7EcgExport.c">
      <Filter>Source Files</Filter>
    </ClCompile>
    <ClCompile Include="btlHl7XmlNg.c">
      <Filter>Source Files</Filter>
    </ClCompile>
    <ClCompile Include="btlHl7XmlExtraData.c">
      <Filter>Source Files</Filter>
    </ClCompile>
    <ClCompile Include="btlHl7ExpParseHl7.c">
      <Filter>Source Files</Filter>
    </ClCompile>
    <ClCompile Include="btlHl7Config.c">
      <Filter>Source Files</Filter>
    </ClCompile>
    <ClCompile Include="btlHl7ExpSslCommon.c">
      <Filter>Source Files</Filter>
    </ClCompile>
  </ItemGroup>
  <ItemGroup>
    <ClInclude Include="btlHl7EcgExport.h">
      <Filter>Header Files</Filter>
    </ClInclude>
    <ClInclude Include="btlHl7XmlNg.h">
      <Filter>Header Files</Filter>
    </ClInclude>
    <ClInclude Include="btlHl7XmlExtraData.h">
      <Filter>Header Files</Filter>
    </ClInclude>
    <ClInclude Include="btlHl7ExpDebug.h">
      <Filter>Header Files</Filter>
    </ClInclude>
    <ClInclude Include="btlHl7ExpParseHl7.h">
      <Filter>Header Files</Filter>
    </ClInclude>
    <ClInclude Include="btlHl7Config.h">
      <Filter>Header Files</Filter>
    </ClInclude>
    <ClInclude Include="btlHl7ExpSslCommon.h">
      <Filter>Header Files</Filter>
    </ClInclude>
  </ItemGroup>
</Project>